// !$*UTF8*$!
{
	archiveVersion = 1;
	classes = {
	};
	objectVersion = 56;
	objects = {

/* Begin PBXBuildFile section */
		EB1178AE2934D72900C0EA16 /* AppDelegate.swift in Sources */ = {isa = PBXBuildFile; fileRef = EB1178AD2934D72900C0EA16 /* AppDelegate.swift */; };
		EB1178B02934D72900C0EA16 /* SceneDelegate.swift in Sources */ = {isa = PBXBuildFile; fileRef = EB1178AF2934D72900C0EA16 /* SceneDelegate.swift */; };
		EB1178B72934D72A00C0EA16 /* Assets.xcassets in Resources */ = {isa = PBXBuildFile; fileRef = EB1178B62934D72A00C0EA16 /* Assets.xcassets */; };
		EB1178BA2934D72A00C0EA16 /* LaunchScreen.storyboard in Resources */ = {isa = PBXBuildFile; fileRef = EB1178B82934D72A00C0EA16 /* LaunchScreen.storyboard */; };
		EB1178C52934D87500C0EA16 /* HomeViewController.swift in Sources */ = {isa = PBXBuildFile; fileRef = EB1178C32934D87500C0EA16 /* HomeViewController.swift */; };
		EB1178C62934D87500C0EA16 /* HomeViewController.xib in Resources */ = {isa = PBXBuildFile; fileRef = EB1178C42934D87500C0EA16 /* HomeViewController.xib */; };
		EB1178C92934D90400C0EA16 /* ReusableView.swift in Sources */ = {isa = PBXBuildFile; fileRef = EB1178C82934D90400C0EA16 /* ReusableView.swift */; };
		EB1AE1F42934DA660057B40A /* HomeTableViewCell.swift in Sources */ = {isa = PBXBuildFile; fileRef = EB1AE1F22934DA660057B40A /* HomeTableViewCell.swift */; };
		EB1AE1F52934DA660057B40A /* HomeTableViewCell.xib in Resources */ = {isa = PBXBuildFile; fileRef = EB1AE1F32934DA660057B40A /* HomeTableViewCell.xib */; };
/* End PBXBuildFile section */

/* Begin PBXFileReference section */
		EB1178AA2934D72900C0EA16 /* Cartoons2D.app */ = {isa = PBXFileReference; explicitFileType = wrapper.application; includeInIndex = 0; path = Cartoons2D.app; sourceTree = BUILT_PRODUCTS_DIR; };
		EB1178AD2934D72900C0EA16 /* AppDelegate.swift */ = {isa = PBXFileReference; lastKnownFileType = sourcecode.swift; path = AppDelegate.swift; sourceTree = "<group>"; };
		EB1178AF2934D72900C0EA16 /* SceneDelegate.swift */ = {isa = PBXFileReference; lastKnownFileType = sourcecode.swift; path = SceneDelegate.swift; sourceTree = "<group>"; };
		EB1178B62934D72A00C0EA16 /* Assets.xcassets */ = {isa = PBXFileReference; lastKnownFileType = folder.assetcatalog; path = Assets.xcassets; sourceTree = "<group>"; };
		EB1178B92934D72A00C0EA16 /* Base */ = {isa = PBXFileReference; lastKnownFileType = file.storyboard; name = Base; path = Base.lproj/LaunchScreen.storyboard; sourceTree = "<group>"; };
		EB1178BB2934D72A00C0EA16 /* Info.plist */ = {isa = PBXFileReference; lastKnownFileType = text.plist.xml; path = Info.plist; sourceTree = "<group>"; };
		EB1178C32934D87500C0EA16 /* HomeViewController.swift */ = {isa = PBXFileReference; lastKnownFileType = sourcecode.swift; path = HomeViewController.swift; sourceTree = "<group>"; };
		EB1178C42934D87500C0EA16 /* HomeViewController.xib */ = {isa = PBXFileReference; lastKnownFileType = file.xib; path = HomeViewController.xib; sourceTree = "<group>"; };
		EB1178C82934D90400C0EA16 /* ReusableView.swift */ = {isa = PBXFileReference; lastKnownFileType = sourcecode.swift; path = ReusableView.swift; sourceTree = "<group>"; };
		EB1AE1F22934DA660057B40A /* HomeTableViewCell.swift */ = {isa = PBXFileReference; lastKnownFileType = sourcecode.swift; path = HomeTableViewCell.swift; sourceTree = "<group>"; };
		EB1AE1F32934DA660057B40A /* HomeTableViewCell.xib */ = {isa = PBXFileReference; lastKnownFileType = file.xib; path = HomeTableViewCell.xib; sourceTree = "<group>"; };
/* End PBXFileReference section */

/* Begin PBXFrameworksBuildPhase section */
		EB1178A72934D72900C0EA16 /* Frameworks */ = {
			isa = PBXFrameworksBuildPhase;
			buildActionMask = 2147483647;
			files = (
			);
			runOnlyForDeploymentPostprocessing = 0;
		};
/* End PBXFrameworksBuildPhase section */

/* Begin PBXGroup section */
		EB1178A12934D72900C0EA16 = {
			isa = PBXGroup;
			children = (
				EB1178AC2934D72900C0EA16 /* Cartoons2D */,
				EB1178AB2934D72900C0EA16 /* Products */,
			);
			sourceTree = "<group>";
		};
		EB1178AB2934D72900C0EA16 /* Products */ = {
			isa = PBXGroup;
			children = (
				EB1178AA2934D72900C0EA16 /* Cartoons2D.app */,
			);
			name = Products;
			sourceTree = "<group>";
		};
		EB1178AC2934D72900C0EA16 /* Cartoons2D */ = {
			isa = PBXGroup;
			children = (
				EB1178C72934D8C600C0EA16 /* Helpers */,
				EB1178C12934D83800C0EA16 /* Scenes */,
				EB1178AD2934D72900C0EA16 /* AppDelegate.swift */,
				EB1178AF2934D72900C0EA16 /* SceneDelegate.swift */,
				EB1178B62934D72A00C0EA16 /* Assets.xcassets */,
				EB1178B82934D72A00C0EA16 /* LaunchScreen.storyboard */,
				EB1178BB2934D72A00C0EA16 /* Info.plist */,
			);
			path = Cartoons2D;
			sourceTree = "<group>";
		};
		EB1178C12934D83800C0EA16 /* Scenes */ = {
			isa = PBXGroup;
			children = (
				EB1178C22934D85700C0EA16 /* Home */,
			);
			path = Scenes;
			sourceTree = "<group>";
		};
		EB1178C22934D85700C0EA16 /* Home */ = {
			isa = PBXGroup;
			children = (
				EB1178CD2934D9C200C0EA16 /* View */,
			);
			path = Home;
			sourceTree = "<group>";
		};
		EB1178C72934D8C600C0EA16 /* Helpers */ = {
			isa = PBXGroup;
			children = (
				EB1178CA2934D93000C0EA16 /* Protocol */,
			);
			path = Helpers;
			sourceTree = "<group>";
		};
		EB1178CA2934D93000C0EA16 /* Protocol */ = {
			isa = PBXGroup;
			children = (
				EB1178C82934D90400C0EA16 /* ReusableView.swift */,
			);
			path = Protocol;
			sourceTree = "<group>";
		};
		EB1178CC2934D9AA00C0EA16 /* HomeTableViewCell */ = {
			isa = PBXGroup;
			children = (
				EB1AE1F22934DA660057B40A /* HomeTableViewCell.swift */,
				EB1AE1F32934DA660057B40A /* HomeTableViewCell.xib */,
			);
			path = HomeTableViewCell;
			sourceTree = "<group>";
		};
		EB1178CD2934D9C200C0EA16 /* View */ = {
			isa = PBXGroup;
			children = (
				EB1178CC2934D9AA00C0EA16 /* HomeTableViewCell */,
				EB1178C32934D87500C0EA16 /* HomeViewController.swift */,
				EB1178C42934D87500C0EA16 /* HomeViewController.xib */,
			);
			path = View;
			sourceTree = "<group>";
		};
/* End PBXGroup section */

/* Begin PBXNativeTarget section */
		EB1178A92934D72900C0EA16 /* Cartoons2D */ = {
			isa = PBXNativeTarget;
			buildConfigurationList = EB1178BE2934D72A00C0EA16 /* Build configuration list for PBXNativeTarget "Cartoons2D" */;
			buildPhases = (
				EB1178A62934D72900C0EA16 /* Sources */,
				EB1178A72934D72900C0EA16 /* Frameworks */,
				EB1178A82934D72900C0EA16 /* Resources */,
			);
			buildRules = (
			);
			dependencies = (
			);
			name = Cartoons2D;
			productName = Cartoons2D;
			productReference = EB1178AA2934D72900C0EA16 /* Cartoons2D.app */;
			productType = "com.apple.product-type.application";
		};
/* End PBXNativeTarget section */

/* Begin PBXProject section */
		EB1178A22934D72900C0EA16 /* Project object */ = {
			isa = PBXProject;
			attributes = {
				BuildIndependentTargetsInParallel = 1;
				LastSwiftUpdateCheck = 1400;
				LastUpgradeCheck = 1400;
				TargetAttributes = {
					EB1178A92934D72900C0EA16 = {
						CreatedOnToolsVersion = 14.0.1;
					};
				};
			};
			buildConfigurationList = EB1178A52934D72900C0EA16 /* Build configuration list for PBXProject "Cartoons2D" */;
			compatibilityVersion = "Xcode 14.0";
			developmentRegion = en;
			hasScannedForEncodings = 0;
			knownRegions = (
				en,
				Base,
			);
			mainGroup = EB1178A12934D72900C0EA16;
			productRefGroup = EB1178AB2934D72900C0EA16 /* Products */;
			projectDirPath = "";
			projectRoot = "";
			targets = (
				EB1178A92934D72900C0EA16 /* Cartoons2D */,
			);
		};
/* End PBXProject section */

/* Begin PBXResourcesBuildPhase section */
		EB1178A82934D72900C0EA16 /* Resources */ = {
			isa = PBXResourcesBuildPhase;
			buildActionMask = 2147483647;
			files = (
				EB1178BA2934D72A00C0EA16 /* LaunchScreen.storyboard in Resources */,
				EB1178B72934D72A00C0EA16 /* Assets.xcassets in Resources */,
				EB1AE1F52934DA660057B40A /* HomeTableViewCell.xib in Resources */,
				EB1178C62934D87500C0EA16 /* HomeViewController.xib in Resources */,
			);
			runOnlyForDeploymentPostprocessing = 0;
		};
/* End PBXResourcesBuildPhase section */

/* Begin PBXSourcesBuildPhase section */
		EB1178A62934D72900C0EA16 /* Sources */ = {
			isa = PBXSourcesBuildPhase;
			buildActionMask = 2147483647;
			files = (
				EB1178AE2934D72900C0EA16 /* AppDelegate.swift in Sources */,
				EB1AE1F42934DA660057B40A /* HomeTableViewCell.swift in Sources */,
				EB1178B02934D72900C0EA16 /* SceneDelegate.swift in Sources */,
				EB1178C52934D87500C0EA16 /* HomeViewController.swift in Sources */,
				EB1178C92934D90400C0EA16 /* ReusableView.swift in Sources */,
			);
			runOnlyForDeploymentPostprocessing = 0;
		};
/* End PBXSourcesBuildPhase section */

/* Begin PBXVariantGroup section */
		EB1178B82934D72A00C0EA16 /* LaunchScreen.storyboard */ = {
			isa = PBXVariantGroup;
			children = (
				EB1178B92934D72A00C0EA16 /* Base */,
			);
			name = LaunchScreen.storyboard;
			sourceTree = "<group>";
		};
/* End PBXVariantGroup section */

/* Begin XCBuildConfiguration section */
		EB1178BC2934D72A00C0EA16 /* Debug */ = {
			isa = XCBuildConfiguration;
			buildSettings = {
				ALWAYS_SEARCH_USER_PATHS = NO;
				CLANG_ANALYZER_NONNULL = YES;
				CLANG_ANALYZER_NUMBER_OBJECT_CONVERSION = YES_AGGRESSIVE;
				CLANG_CXX_LANGUAGE_STANDARD = "gnu++20";
				CLANG_ENABLE_MODULES = YES;
				CLANG_ENABLE_OBJC_ARC = YES;
				CLANG_ENABLE_OBJC_WEAK = YES;
				CLANG_WARN_BLOCK_CAPTURE_AUTORELEASING = YES;
				CLANG_WARN_BOOL_CONVERSION = YES;
				CLANG_WARN_COMMA = YES;
				CLANG_WARN_CONSTANT_CONVERSION = YES;
				CLANG_WARN_DEPRECATED_OBJC_IMPLEMENTATIONS = YES;
				CLANG_WARN_DIRECT_OBJC_ISA_USAGE = YES_ERROR;
				CLANG_WARN_DOCUMENTATION_COMMENTS = YES;
				CLANG_WARN_EMPTY_BODY = YES;
				CLANG_WARN_ENUM_CONVERSION = YES;
				CLANG_WARN_INFINITE_RECURSION = YES;
				CLANG_WARN_INT_CONVERSION = YES;
				CLANG_WARN_NON_LITERAL_NULL_CONVERSION = YES;
				CLANG_WARN_OBJC_IMPLICIT_RETAIN_SELF = YES;
				CLANG_WARN_OBJC_LITERAL_CONVERSION = YES;
				CLANG_WARN_OBJC_ROOT_CLASS = YES_ERROR;
				CLANG_WARN_QUOTED_INCLUDE_IN_FRAMEWORK_HEADER = YES;
				CLANG_WARN_RANGE_LOOP_ANALYSIS = YES;
				CLANG_WARN_STRICT_PROTOTYPES = YES;
				CLANG_WARN_SUSPICIOUS_MOVE = YES;
				CLANG_WARN_UNGUARDED_AVAILABILITY = YES_AGGRESSIVE;
				CLANG_WARN_UNREACHABLE_CODE = YES;
				CLANG_WARN__DUPLICATE_METHOD_MATCH = YES;
				COPY_PHASE_STRIP = NO;
				DEBUG_INFORMATION_FORMAT = dwarf;
				ENABLE_STRICT_OBJC_MSGSEND = YES;
				ENABLE_TESTABILITY = YES;
				GCC_C_LANGUAGE_STANDARD = gnu11;
				GCC_DYNAMIC_NO_PIC = NO;
				GCC_NO_COMMON_BLOCKS = YES;
				GCC_OPTIMIZATION_LEVEL = 0;
				GCC_PREPROCESSOR_DEFINITIONS = (
					"DEBUG=1",
					"$(inherited)",
				);
				GCC_WARN_64_TO_32_BIT_CONVERSION = YES;
				GCC_WARN_ABOUT_RETURN_TYPE = YES_ERROR;
				GCC_WARN_UNDECLARED_SELECTOR = YES;
				GCC_WARN_UNINITIALIZED_AUTOS = YES_AGGRESSIVE;
				GCC_WARN_UNUSED_FUNCTION = YES;
				GCC_WARN_UNUSED_VARIABLE = YES;
				IPHONEOS_DEPLOYMENT_TARGET = 16.0;
				MTL_ENABLE_DEBUG_INFO = INCLUDE_SOURCE;
				MTL_FAST_MATH = YES;
				ONLY_ACTIVE_ARCH = YES;
				SDKROOT = iphoneos;
				SWIFT_ACTIVE_COMPILATION_CONDITIONS = DEBUG;
				SWIFT_OPTIMIZATION_LEVEL = "-Onone";
			};
			name = Debug;
		};
		EB1178BD2934D72A00C0EA16 /* Release */ = {
			isa = XCBuildConfiguration;
			buildSettings = {
				ALWAYS_SEARCH_USER_PATHS = NO;
				CLANG_ANALYZER_NONNULL = YES;
				CLANG_ANALYZER_NUMBER_OBJECT_CONVERSION = YES_AGGRESSIVE;
				CLANG_CXX_LANGUAGE_STANDARD = "gnu++20";
				CLANG_ENABLE_MODULES = YES;
				CLANG_ENABLE_OBJC_ARC = YES;
				CLANG_ENABLE_OBJC_WEAK = YES;
				CLANG_WARN_BLOCK_CAPTURE_AUTORELEASING = YES;
				CLANG_WARN_BOOL_CONVERSION = YES;
				CLANG_WARN_COMMA = YES;
				CLANG_WARN_CONSTANT_CONVERSION = YES;
				CLANG_WARN_DEPRECATED_OBJC_IMPLEMENTATIONS = YES;
				CLANG_WARN_DIRECT_OBJC_ISA_USAGE = YES_ERROR;
				CLANG_WARN_DOCUMENTATION_COMMENTS = YES;
				CLANG_WARN_EMPTY_BODY = YES;
				CLANG_WARN_ENUM_CONVERSION = YES;
				CLANG_WARN_INFINITE_RECURSION = YES;
				CLANG_WARN_INT_CONVERSION = YES;
				CLANG_WARN_NON_LITERAL_NULL_CONVERSION = YES;
				CLANG_WARN_OBJC_IMPLICIT_RETAIN_SELF = YES;
				CLANG_WARN_OBJC_LITERAL_CONVERSION = YES;
				CLANG_WARN_OBJC_ROOT_CLASS = YES_ERROR;
				CLANG_WARN_QUOTED_INCLUDE_IN_FRAMEWORK_HEADER = YES;
				CLANG_WARN_RANGE_LOOP_ANALYSIS = YES;
				CLANG_WARN_STRICT_PROTOTYPES = YES;
				CLANG_WARN_SUSPICIOUS_MOVE = YES;
				CLANG_WARN_UNGUARDED_AVAILABILITY = YES_AGGRESSIVE;
				CLANG_WARN_UNREACHABLE_CODE = YES;
				CLANG_WARN__DUPLICATE_METHOD_MATCH = YES;
				COPY_PHASE_STRIP = NO;
				DEBUG_INFORMATION_FORMAT = "dwarf-with-dsym";
				ENABLE_NS_ASSERTIONS = NO;
				ENABLE_STRICT_OBJC_MSGSEND = YES;
				GCC_C_LANGUAGE_STANDARD = gnu11;
				GCC_NO_COMMON_BLOCKS = YES;
				GCC_WARN_64_TO_32_BIT_CONVERSION = YES;
				GCC_WARN_ABOUT_RETURN_TYPE = YES_ERROR;
				GCC_WARN_UNDECLARED_SELECTOR = YES;
				GCC_WARN_UNINITIALIZED_AUTOS = YES_AGGRESSIVE;
				GCC_WARN_UNUSED_FUNCTION = YES;
				GCC_WARN_UNUSED_VARIABLE = YES;
				IPHONEOS_DEPLOYMENT_TARGET = 16.0;
				MTL_ENABLE_DEBUG_INFO = NO;
				MTL_FAST_MATH = YES;
				SDKROOT = iphoneos;
				SWIFT_COMPILATION_MODE = wholemodule;
				SWIFT_OPTIMIZATION_LEVEL = "-O";
				VALIDATE_PRODUCT = YES;
			};
			name = Release;
		};
		EB1178BF2934D72A00C0EA16 /* Debug */ = {
			isa = XCBuildConfiguration;
			buildSettings = {
				ASSETCATALOG_COMPILER_APPICON_NAME = AppIcon;
				ASSETCATALOG_COMPILER_GLOBAL_ACCENT_COLOR_NAME = AccentColor;
				CODE_SIGN_STYLE = Automatic;
				CURRENT_PROJECT_VERSION = 1;
				DEVELOPMENT_TEAM = LCBM2256DZ;
				GENERATE_INFOPLIST_FILE = YES;
				INFOPLIST_FILE = Cartoons2D/Info.plist;
				INFOPLIST_KEY_UIApplicationSupportsIndirectInputEvents = YES;
				INFOPLIST_KEY_UILaunchStoryboardName = LaunchScreen;
				INFOPLIST_KEY_UISupportedInterfaceOrientations_iPad = "UIInterfaceOrientationPortrait UIInterfaceOrientationPortraitUpsideDown UIInterfaceOrientationLandscapeLeft UIInterfaceOrientationLandscapeRight";
				INFOPLIST_KEY_UISupportedInterfaceOrientations_iPhone = "UIInterfaceOrientationPortrait UIInterfaceOrientationLandscapeLeft UIInterfaceOrientationLandscapeRight";
				LD_RUNPATH_SEARCH_PATHS = (
					"$(inherited)",
					"@executable_path/Frameworks",
				);
				MARKETING_VERSION = 1.0;
				PRODUCT_BUNDLE_IDENTIFIER = com.amr.Cartoons2D;
				PRODUCT_NAME = "$(TARGET_NAME)";
				SWIFT_EMIT_LOC_STRINGS = YES;
				SWIFT_VERSION = 5.0;
				TARGETED_DEVICE_FAMILY = "1,2";
			};
			name = Debug;
		};
		EB1178C02934D72A00C0EA16 /* Release */ = {
			isa = XCBuildConfiguration;
			buildSettings = {
				ASSETCATALOG_COMPILER_APPICON_NAME = AppIcon;
				ASSETCATALOG_COMPILER_GLOBAL_ACCENT_COLOR_NAME = AccentColor;
				CODE_SIGN_STYLE = Automatic;
				CURRENT_PROJECT_VERSION = 1;
				DEVELOPMENT_TEAM = LCBM2256DZ;
				GENERATE_INFOPLIST_FILE = YES;
				INFOPLIST_FILE = Cartoons2D/Info.plist;
				INFOPLIST_KEY_UIApplicationSupportsIndirectInputEvents = YES;
				INFOPLIST_KEY_UILaunchStoryboardName = LaunchScreen;
				INFOPLIST_KEY_UISupportedInterfaceOrientations_iPad = "UIInterfaceOrientationPortrait UIInterfaceOrientationPortraitUpsideDown UIInterfaceOrientationLandscapeLeft UIInterfaceOrientationLandscapeRight";
				INFOPLIST_KEY_UISupportedInterfaceOrientations_iPhone = "UIInterfaceOrientationPortrait UIInterfaceOrientationLandscapeLeft UIInterfaceOrientationLandscapeRight";
				LD_RUNPATH_SEARCH_PATHS = (
					"$(inherited)",
					"@executable_path/Frameworks",
				);
				MARKETING_VERSION = 1.0;
				PRODUCT_BUNDLE_IDENTIFIER = com.amr.Cartoons2D;
				PRODUCT_NAME = "$(TARGET_NAME)";
				SWIFT_EMIT_LOC_STRINGS = YES;
				SWIFT_VERSION = 5.0;
				TARGETED_DEVICE_FAMILY = "1,2";
			};
			name = Release;
		};
/* End XCBuildConfiguration section */

/* Begin XCConfigurationList section */
		EB1178A52934D72900C0EA16 /* Build configuration list for PBXProject "Cartoons2D" */ = {
			isa = XCConfigurationList;
			buildConfigurations = (
				EB1178BC2934D72A00C0EA16 /* Debug */,
				EB1178BD2934D72A00C0EA16 /* Release */,
			);
			defaultConfigurationIsVisible = 0;
			defaultConfigurationName = Release;
		};
		EB1178BE2934D72A00C0EA16 /* Build configuration list for PBXNativeTarget "Cartoons2D" */ = {
			isa = XCConfigurationList;
			buildConfigurations = (
				EB1178BF2934D72A00C0EA16 /* Debug */,
				EB1178C02934D72A00C0EA16 /* Release */,
			);
			defaultConfigurationIsVisible = 0;
			defaultConfigurationName = Release;
		};
/* End XCConfigurationList section */
	};
	rootObject = EB1178A22934D72900C0EA16 /* Project object */;
}
